{
  "name": "@microsoft/signalr",
  "version": "5.0.0-dev",
  "lockfileVersion": 1,
  "requires": true,
  "dependencies": {
    "@types/eventsource": {
      "version": "1.0.2",
      "resolved": "https://registry.nlark.com/@types/eventsource/download/@types/eventsource-1.0.2.tgz",
      "integrity": "sha1-X1NzSDHaR0j5p7OU151YIu0RCSQ=",
      "dev": true
    },
    "@types/jest": {
      "version": "23.3.14",
      "resolved": "https://registry.nlark.com/@types/jest/download/@types/jest-23.3.14.tgz?cache=0&sync_timestamp=1619435146390&other_urls=https%3A%2F%2Fregistry.nlark.com%2F%40types%2Fjest%2Fdownload%2F%40types%2Fjest-23.3.14.tgz",
      "integrity": "sha1-N9qveAaeeUhSBHTIe4AJLqkSUgo=",
      "dev": true
    },
    "@types/node": {
      "version": "10.9.4",
      "resolved": "https://registry.nlark.com/@types/node/download/@types/node-10.9.4.tgz",
      "integrity": "sha1-D0yy3Hwd5glgVTV/cBeQQ8M+mJc=",
      "dev": true
    },
    "@types/tough-cookie": {
      "version": "2.3.6",
      "resolved": "https://registry.npm.taobao.org/@types/tough-cookie/download/@types/tough-cookie-2.3.6.tgz",
      "integrity": "sha1-yIBXngh9eg2xN3f/ivaJ9P/HsNU=",
      "dev": true
    },
    "abort-controller": {
      "version": "3.0.0",
      "resolved": "https://registry.npm.taobao.org/abort-controller/download/abort-controller-3.0.0.tgz",
      "integrity": "sha1-6vVNU7YrrkE46AnKIlyEOabvs5I=",
      "requires": {
        "event-target-shim": "^5.0.0"
      }
    },
    "async-limiter": {
      "version": "1.0.1",
      "resolved": "https://registry.npm.taobao.org/async-limiter/download/async-limiter-1.0.1.tgz",
      "integrity": "sha1-3TeelPDbgxCwgpH51kwyCXZmF/0="
    },
    "es6-denodeify": {
      "version": "0.1.5",
      "resolved": "https://registry.npm.taobao.org/es6-denodeify/download/es6-denodeify-0.1.5.tgz",
      "integrity": "sha1-MdTV/pxVA+ElRgQ5MQ4WoqPznB8="
    },
    "es6-promise": {
      "version": "4.2.2",
      "resolved": "https://registry.npm.taobao.org/es6-promise/download/es6-promise-4.2.2.tgz",
      "integrity": "sha1-9yLXdpr4i9M7wT7GYF4fkpZrgtk=",
      "dev": true
    },
    "event-target-shim": {
      "version": "5.0.1",
      "resolved": "https://registry.npm.taobao.org/event-target-shim/download/event-target-shim-5.0.1.tgz",
      "integrity": "sha1-XU0+vflYPWOlMzzi3rdICrKwV4k="
    },
    "eventsource": {
      "version": "1.0.7",
      "resolved": "https://registry.npm.taobao.org/eventsource/download/eventsource-1.0.7.tgz?cache=0&sync_timestamp=1616041716084&other_urls=https%3A%2F%2Fregistry.npm.taobao.org%2Feventsource%2Fdownload%2Feventsource-1.0.7.tgz",
      "integrity": "sha1-j7xyyT/NNAiAkLwKTmT0tc7m2NA=",
      "requires": {
        "original": "^1.0.0"
      }
    },
    "fetch-cookie": {
      "version": "0.7.3",
      "resolved": "https://registry.npm.taobao.org/fetch-cookie/download/fetch-cookie-0.7.3.tgz",
      "integrity": "sha1-uNAj9CHdKy9KDsqc1zGKln7U7tg=",
      "requires": {
        "es6-denodeify": "^0.1.1",
        "tough-cookie": "^2.3.3"
      }
    },
    "node-fetch": {
      "version": "2.6.0",
      "resolved": "https://registry.npm.taobao.org/node-fetch/download/node-fetch-2.6.0.tgz",
      "integrity": "sha1-5jNFY4bUqlWGP2dqerDaqP3ssP0="
    },
    "original": {
      "version": "1.0.2",
      "resolved": "https://registry.npm.taobao.org/original/download/original-1.0.2.tgz",
      "integrity": "sha1-5EKmHP/hxf0gpl8yYcJmY7MD8l8=",
      "requires": {
        "url-parse": "^1.4.3"
      }
    },
    "psl": {
      "version": "1.8.0",
      "resolved": "https://registry.npm.taobao.org/psl/download/psl-1.8.0.tgz",
      "integrity": "sha1-kyb4vPsBOtzABf3/BWrM4CDlHCQ="
    },
    "punycode": {
      "version": "2.1.1",
      "resolved": "https://registry.nlark.com/punycode/download/punycode-2.1.1.tgz",
      "integrity": "sha1-tYsBCsQMIsVldhbI0sLALHv0eew="
    },
    "querystringify": {
      "version": "2.2.0",
      "resolved": "https://registry.nlark.com/querystringify/download/querystringify-2.2.0.tgz",
      "integrity": "sha1-M0WUG0FTy50ILY7uTNogFqmu9/Y="
    },
    "requires-port": {
      "version": "1.0.0",
      "resolved": "https://registry.npm.taobao.org/requires-port/download/requires-port-1.0.0.tgz",
      "integrity": "sha1-kl0mAdOaxIXgkc8NpcbmlNw9yv8="
    },
    "tough-cookie": {
      "version": "2.5.0",
      "resolved": "https://registry.npm.taobao.org/tough-cookie/download/tough-cookie-2.5.0.tgz",
      "integrity": "sha1-zZ+yoKodWhK0c72fuW+j3P9lreI=",
      "requires": {
        "psl": "^1.1.28",
        "punycode": "^2.1.1"
      }
    },
    "url-parse": {
      "version": "1.5.1",
      "resolved": "https://registry.nlark.com/url-parse/download/url-parse-1.5.1.tgz",
      "integrity": "sha1-1fqYkK+KXh8nSiyYN2UQ9kJfbjs=",
      "requires": {
        "querystringify": "^2.1.1",
        "requires-port": "^1.0.0"
      }
    },
    "ws": {
      "version": "6.0.0",
      "resolved": "https://registry.nlark.com/ws/download/ws-6.0.0.tgz",
      "integrity": "sha1-6qSUre0ArEKJ1FW6yNhMfGUc7zU=",
      "requires": {
        "async-limiter": "~1.0.0"
      }
    }
  }
}
