{
  "name": "signalr-uni",
  "version": "5.0.6",
  "lockfileVersion": 2,
  "requires": true,
  "packages": {
    "": {
      "name": "signalr-uni",
      "version": "5.0.6",
      "license": "Apache-2.0",
      "dependencies": {
        "abort-controller": "^3.0.0",
        "eventsource": "^1.0.7",
        "fetch-cookie": "^0.7.3",
        "node-fetch": "^2.6.0",
        "ws": "^6.0.0"
      },
      "devDependencies": {
        "@dcloudio/types": "^2.2.2",
        "@types/eventsource": "^1.0.2",
        "@types/jest": "^23.3.2",
        "@types/node": "^10.9.4",
        "@types/tough-cookie": "^2.3.6",
        "@types/wechat-miniprogram": "^3.4.1",
        "es6-promise": "^4.2.2"
      }
    },
    "node_modules/@dcloudio/types": {
      "version": "2.6.12",
      "resolved": "https://registry.npmjs.org/@dcloudio/types/-/types-2.6.12.tgz",
      "integrity": "sha512-mrCMwcINy1IFjU9VUqLeWBkj404yWs5paLDttBcA+eqUjanuUQbBcTVPqlrGgkyzLXDcV2oDDZRSNxNpXi4kMQ==",
      "dev": true
    },
    "node_modules/@types/eventsource": {
      "version": "1.0.2",
      "resolved": "https://registry.nlark.com/@types/eventsource/download/@types/eventsource-1.0.2.tgz",
      "integrity": "sha1-X1NzSDHaR0j5p7OU151YIu0RCSQ=",
      "dev": true
    },
    "node_modules/@types/jest": {
      "version": "23.3.14",
      "resolved": "https://registry.nlark.com/@types/jest/download/@types/jest-23.3.14.tgz?cache=0&sync_timestamp=1619435146390&other_urls=https%3A%2F%2Fregistry.nlark.com%2F%40types%2Fjest%2Fdownload%2F%40types%2Fjest-23.3.14.tgz",
      "integrity": "sha1-N9qveAaeeUhSBHTIe4AJLqkSUgo=",
      "dev": true
    },
    "node_modules/@types/node": {
      "version": "10.9.4",
      "resolved": "https://registry.nlark.com/@types/node/download/@types/node-10.9.4.tgz",
      "integrity": "sha1-D0yy3Hwd5glgVTV/cBeQQ8M+mJc=",
      "dev": true
    },
    "node_modules/@types/tough-cookie": {
      "version": "2.3.6",
      "resolved": "https://registry.npm.taobao.org/@types/tough-cookie/download/@types/tough-cookie-2.3.6.tgz",
      "integrity": "sha1-yIBXngh9eg2xN3f/ivaJ9P/HsNU=",
      "dev": true
    },
    "node_modules/@types/wechat-miniprogram": {
      "version": "3.4.1",
      "resolved": "https://registry.npmjs.org/@types/wechat-miniprogram/-/wechat-miniprogram-3.4.1.tgz",
      "integrity": "sha512-szbuYR32VotxNQNQ4YyQ6Ob3ya0tLY0zpf/xvi6DF8Oqb+0Y+5CL5BpxS+4wBSJvlu3VfSXhjxZ0ze1a3l16Pw==",
      "dev": true
    },
    "node_modules/abort-controller": {
      "version": "3.0.0",
      "resolved": "https://registry.npm.taobao.org/abort-controller/download/abort-controller-3.0.0.tgz",
      "integrity": "sha1-6vVNU7YrrkE46AnKIlyEOabvs5I=",
      "dependencies": {
        "event-target-shim": "^5.0.0"
      },
      "engines": {
        "node": ">=6.5"
      }
    },
    "node_modules/async-limiter": {
      "version": "1.0.1",
      "resolved": "https://registry.npm.taobao.org/async-limiter/download/async-limiter-1.0.1.tgz",
      "integrity": "sha1-3TeelPDbgxCwgpH51kwyCXZmF/0="
    },
    "node_modules/es6-denodeify": {
      "version": "0.1.5",
      "resolved": "https://registry.npm.taobao.org/es6-denodeify/download/es6-denodeify-0.1.5.tgz",
      "integrity": "sha1-MdTV/pxVA+ElRgQ5MQ4WoqPznB8="
    },
    "node_modules/es6-promise": {
      "version": "4.2.2",
      "resolved": "https://registry.npm.taobao.org/es6-promise/download/es6-promise-4.2.2.tgz",
      "integrity": "sha1-9yLXdpr4i9M7wT7GYF4fkpZrgtk=",
      "dev": true
    },
    "node_modules/event-target-shim": {
      "version": "5.0.1",
      "resolved": "https://registry.npm.taobao.org/event-target-shim/download/event-target-shim-5.0.1.tgz",
      "integrity": "sha1-XU0+vflYPWOlMzzi3rdICrKwV4k=",
      "engines": {
        "node": ">=6"
      }
    },
    "node_modules/eventsource": {
      "version": "1.0.7",
      "resolved": "https://registry.npm.taobao.org/eventsource/download/eventsource-1.0.7.tgz?cache=0&sync_timestamp=1616041716084&other_urls=https%3A%2F%2Fregistry.npm.taobao.org%2Feventsource%2Fdownload%2Feventsource-1.0.7.tgz",
      "integrity": "sha1-j7xyyT/NNAiAkLwKTmT0tc7m2NA=",
      "dependencies": {
        "original": "^1.0.0"
      },
      "engines": {
        "node": ">=0.12.0"
      }
    },
    "node_modules/fetch-cookie": {
      "version": "0.7.3",
      "resolved": "https://registry.npm.taobao.org/fetch-cookie/download/fetch-cookie-0.7.3.tgz",
      "integrity": "sha1-uNAj9CHdKy9KDsqc1zGKln7U7tg=",
      "dependencies": {
        "es6-denodeify": "^0.1.1",
        "tough-cookie": "^2.3.3"
      }
    },
    "node_modules/node-fetch": {
      "version": "2.6.0",
      "resolved": "https://registry.npm.taobao.org/node-fetch/download/node-fetch-2.6.0.tgz",
      "integrity": "sha1-5jNFY4bUqlWGP2dqerDaqP3ssP0=",
      "engines": {
        "node": "4.x || >=6.0.0"
      }
    },
    "node_modules/original": {
      "version": "1.0.2",
      "resolved": "https://registry.npm.taobao.org/original/download/original-1.0.2.tgz",
      "integrity": "sha1-5EKmHP/hxf0gpl8yYcJmY7MD8l8=",
      "dependencies": {
        "url-parse": "^1.4.3"
      }
    },
    "node_modules/psl": {
      "version": "1.8.0",
      "resolved": "https://registry.npm.taobao.org/psl/download/psl-1.8.0.tgz",
      "integrity": "sha1-kyb4vPsBOtzABf3/BWrM4CDlHCQ="
    },
    "node_modules/punycode": {
      "version": "2.1.1",
      "resolved": "https://registry.nlark.com/punycode/download/punycode-2.1.1.tgz",
      "integrity": "sha1-tYsBCsQMIsVldhbI0sLALHv0eew=",
      "engines": {
        "node": ">=6"
      }
    },
    "node_modules/querystringify": {
      "version": "2.2.0",
      "resolved": "https://registry.nlark.com/querystringify/download/querystringify-2.2.0.tgz",
      "integrity": "sha1-M0WUG0FTy50ILY7uTNogFqmu9/Y="
    },
    "node_modules/requires-port": {
      "version": "1.0.0",
      "resolved": "https://registry.npm.taobao.org/requires-port/download/requires-port-1.0.0.tgz",
      "integrity": "sha1-kl0mAdOaxIXgkc8NpcbmlNw9yv8="
    },
    "node_modules/tough-cookie": {
      "version": "2.5.0",
      "resolved": "https://registry.npm.taobao.org/tough-cookie/download/tough-cookie-2.5.0.tgz",
      "integrity": "sha1-zZ+yoKodWhK0c72fuW+j3P9lreI=",
      "dependencies": {
        "psl": "^1.1.28",
        "punycode": "^2.1.1"
      },
      "engines": {
        "node": ">=0.8"
      }
    },
    "node_modules/url-parse": {
      "version": "1.5.1",
      "resolved": "https://registry.nlark.com/url-parse/download/url-parse-1.5.1.tgz",
      "integrity": "sha1-1fqYkK+KXh8nSiyYN2UQ9kJfbjs=",
      "dependencies": {
        "querystringify": "^2.1.1",
        "requires-port": "^1.0.0"
      }
    },
    "node_modules/ws": {
      "version": "6.0.0",
      "resolved": "https://registry.nlark.com/ws/download/ws-6.0.0.tgz",
      "integrity": "sha1-6qSUre0ArEKJ1FW6yNhMfGUc7zU=",
      "dependencies": {
        "async-limiter": "~1.0.0"
      }
    }
  },
  "dependencies": {
    "@dcloudio/types": {
      "version": "2.6.12",
      "resolved": "https://registry.npmjs.org/@dcloudio/types/-/types-2.6.12.tgz",
      "integrity": "sha512-mrCMwcINy1IFjU9VUqLeWBkj404yWs5paLDttBcA+eqUjanuUQbBcTVPqlrGgkyzLXDcV2oDDZRSNxNpXi4kMQ==",
      "dev": true
    },
    "@types/eventsource": {
      "version": "1.0.2",
      "resolved": "https://registry.nlark.com/@types/eventsource/download/@types/eventsource-1.0.2.tgz",
      "integrity": "sha1-X1NzSDHaR0j5p7OU151YIu0RCSQ=",
      "dev": true
    },
    "@types/jest": {
      "version": "23.3.14",
      "resolved": "https://registry.nlark.com/@types/jest/download/@types/jest-23.3.14.tgz?cache=0&sync_timestamp=1619435146390&other_urls=https%3A%2F%2Fregistry.nlark.com%2F%40types%2Fjest%2Fdownload%2F%40types%2Fjest-23.3.14.tgz",
      "integrity": "sha1-N9qveAaeeUhSBHTIe4AJLqkSUgo=",
      "dev": true
    },
    "@types/node": {
      "version": "10.9.4",
      "resolved": "https://registry.nlark.com/@types/node/download/@types/node-10.9.4.tgz",
      "integrity": "sha1-D0yy3Hwd5glgVTV/cBeQQ8M+mJc=",
      "dev": true
    },
    "@types/tough-cookie": {
      "version": "2.3.6",
      "resolved": "https://registry.npm.taobao.org/@types/tough-cookie/download/@types/tough-cookie-2.3.6.tgz",
      "integrity": "sha1-yIBXngh9eg2xN3f/ivaJ9P/HsNU=",
      "dev": true
    },
    "@types/wechat-miniprogram": {
      "version": "3.4.1",
      "resolved": "https://registry.npmjs.org/@types/wechat-miniprogram/-/wechat-miniprogram-3.4.1.tgz",
      "integrity": "sha512-szbuYR32VotxNQNQ4YyQ6Ob3ya0tLY0zpf/xvi6DF8Oqb+0Y+5CL5BpxS+4wBSJvlu3VfSXhjxZ0ze1a3l16Pw==",
      "dev": true
    },
    "abort-controller": {
      "version": "3.0.0",
      "resolved": "https://registry.npm.taobao.org/abort-controller/download/abort-controller-3.0.0.tgz",
      "integrity": "sha1-6vVNU7YrrkE46AnKIlyEOabvs5I=",
      "requires": {
        "event-target-shim": "^5.0.0"
      }
    },
    "async-limiter": {
      "version": "1.0.1",
      "resolved": "https://registry.npm.taobao.org/async-limiter/download/async-limiter-1.0.1.tgz",
      "integrity": "sha1-3TeelPDbgxCwgpH51kwyCXZmF/0="
    },
    "es6-denodeify": {
      "version": "0.1.5",
      "resolved": "https://registry.npm.taobao.org/es6-denodeify/download/es6-denodeify-0.1.5.tgz",
      "integrity": "sha1-MdTV/pxVA+ElRgQ5MQ4WoqPznB8="
    },
    "es6-promise": {
      "version": "4.2.2",
      "resolved": "https://registry.npm.taobao.org/es6-promise/download/es6-promise-4.2.2.tgz",
      "integrity": "sha1-9yLXdpr4i9M7wT7GYF4fkpZrgtk=",
      "dev": true
    },
    "event-target-shim": {
      "version": "5.0.1",
      "resolved": "https://registry.npm.taobao.org/event-target-shim/download/event-target-shim-5.0.1.tgz",
      "integrity": "sha1-XU0+vflYPWOlMzzi3rdICrKwV4k="
    },
    "eventsource": {
      "version": "1.0.7",
      "resolved": "https://registry.npm.taobao.org/eventsource/download/eventsource-1.0.7.tgz?cache=0&sync_timestamp=1616041716084&other_urls=https%3A%2F%2Fregistry.npm.taobao.org%2Feventsource%2Fdownload%2Feventsource-1.0.7.tgz",
      "integrity": "sha1-j7xyyT/NNAiAkLwKTmT0tc7m2NA=",
      "requires": {
        "original": "^1.0.0"
      }
    },
    "fetch-cookie": {
      "version": "0.7.3",
      "resolved": "https://registry.npm.taobao.org/fetch-cookie/download/fetch-cookie-0.7.3.tgz",
      "integrity": "sha1-uNAj9CHdKy9KDsqc1zGKln7U7tg=",
      "requires": {
        "es6-denodeify": "^0.1.1",
        "tough-cookie": "^2.3.3"
      }
    },
    "node-fetch": {
      "version": "2.6.0",
      "resolved": "https://registry.npm.taobao.org/node-fetch/download/node-fetch-2.6.0.tgz",
      "integrity": "sha1-5jNFY4bUqlWGP2dqerDaqP3ssP0="
    },
    "original": {
      "version": "1.0.2",
      "resolved": "https://registry.npm.taobao.org/original/download/original-1.0.2.tgz",
      "integrity": "sha1-5EKmHP/hxf0gpl8yYcJmY7MD8l8=",
      "requires": {
        "url-parse": "^1.4.3"
      }
    },
    "psl": {
      "version": "1.8.0",
      "resolved": "https://registry.npm.taobao.org/psl/download/psl-1.8.0.tgz",
      "integrity": "sha1-kyb4vPsBOtzABf3/BWrM4CDlHCQ="
    },
    "punycode": {
      "version": "2.1.1",
      "resolved": "https://registry.nlark.com/punycode/download/punycode-2.1.1.tgz",
      "integrity": "sha1-tYsBCsQMIsVldhbI0sLALHv0eew="
    },
    "querystringify": {
      "version": "2.2.0",
      "resolved": "https://registry.nlark.com/querystringify/download/querystringify-2.2.0.tgz",
      "integrity": "sha1-M0WUG0FTy50ILY7uTNogFqmu9/Y="
    },
    "requires-port": {
      "version": "1.0.0",
      "resolved": "https://registry.npm.taobao.org/requires-port/download/requires-port-1.0.0.tgz",
      "integrity": "sha1-kl0mAdOaxIXgkc8NpcbmlNw9yv8="
    },
    "tough-cookie": {
      "version": "2.5.0",
      "resolved": "https://registry.npm.taobao.org/tough-cookie/download/tough-cookie-2.5.0.tgz",
      "integrity": "sha1-zZ+yoKodWhK0c72fuW+j3P9lreI=",
      "requires": {
        "psl": "^1.1.28",
        "punycode": "^2.1.1"
      }
    },
    "url-parse": {
      "version": "1.5.1",
      "resolved": "https://registry.nlark.com/url-parse/download/url-parse-1.5.1.tgz",
      "integrity": "sha1-1fqYkK+KXh8nSiyYN2UQ9kJfbjs=",
      "requires": {
        "querystringify": "^2.1.1",
        "requires-port": "^1.0.0"
      }
    },
    "ws": {
      "version": "6.0.0",
      "resolved": "https://registry.nlark.com/ws/download/ws-6.0.0.tgz",
      "integrity": "sha1-6qSUre0ArEKJ1FW6yNhMfGUc7zU=",
      "requires": {
        "async-limiter": "~1.0.0"
      }
    }
  }
}
