# THIS IS AN AUTOGENERATED FILE. DO NOT EDIT THIS FILE DIRECTLY.
# yarn lockfile v1


"@dcloudio/types@^2.2.2":
  "integrity" "sha512-mrCMwcINy1IFjU9VUqLeWBkj404yWs5paLDttBcA+eqUjanuUQbBcTVPqlrGgkyzLXDcV2oDDZRSNxNpXi4kMQ=="
  "resolved" "https://registry.npmjs.org/@dcloudio/types/-/types-2.6.12.tgz"
  "version" "2.6.12"

"@types/eventsource@^1.0.2":
  "integrity" "sha1-X1NzSDHaR0j5p7OU151YIu0RCSQ="
  "resolved" "https://registry.nlark.com/@types/eventsource/download/@types/eventsource-1.0.2.tgz"
  "version" "1.0.2"

"@types/jest@^23.3.2":
  "integrity" "sha1-N9qveAaeeUhSBHTIe4AJLqkSUgo="
  "resolved" "https://registry.nlark.com/@types/jest/download/@types/jest-23.3.14.tgz?cache=0&sync_timestamp=1619435146390&other_urls=https%3A%2F%2Fregistry.nlark.com%2F%40types%2Fjest%2Fdownload%2F%40types%2Fjest-23.3.14.tgz"
  "version" "23.3.14"

"@types/node@^10.9.4":
  "integrity" "sha1-D0yy3Hwd5glgVTV/cBeQQ8M+mJc="
  "resolved" "https://registry.nlark.com/@types/node/download/@types/node-10.9.4.tgz"
  "version" "10.9.4"

"@types/tough-cookie@^2.3.6":
  "integrity" "sha1-yIBXngh9eg2xN3f/ivaJ9P/HsNU="
  "resolved" "https://registry.npm.taobao.org/@types/tough-cookie/download/@types/tough-cookie-2.3.6.tgz"
  "version" "2.3.6"

"@types/wechat-miniprogram@^3.4.1":
  "integrity" "sha512-szbuYR32VotxNQNQ4YyQ6Ob3ya0tLY0zpf/xvi6DF8Oqb+0Y+5CL5BpxS+4wBSJvlu3VfSXhjxZ0ze1a3l16Pw=="
  "resolved" "https://registry.npmjs.org/@types/wechat-miniprogram/-/wechat-miniprogram-3.4.1.tgz"
  "version" "3.4.1"

"abort-controller@^3.0.0":
  "integrity" "sha1-6vVNU7YrrkE46AnKIlyEOabvs5I="
  "resolved" "https://registry.npm.taobao.org/abort-controller/download/abort-controller-3.0.0.tgz"
  "version" "3.0.0"
  dependencies:
    "event-target-shim" "^5.0.0"

"async-limiter@~1.0.0":
  "integrity" "sha1-3TeelPDbgxCwgpH51kwyCXZmF/0="
  "resolved" "https://registry.npm.taobao.org/async-limiter/download/async-limiter-1.0.1.tgz"
  "version" "1.0.1"

"es6-denodeify@^0.1.1":
  "integrity" "sha1-MdTV/pxVA+ElRgQ5MQ4WoqPznB8="
  "resolved" "https://registry.npm.taobao.org/es6-denodeify/download/es6-denodeify-0.1.5.tgz"
  "version" "0.1.5"

"es6-promise@^4.2.2":
  "integrity" "sha1-9yLXdpr4i9M7wT7GYF4fkpZrgtk="
  "resolved" "https://registry.npm.taobao.org/es6-promise/download/es6-promise-4.2.2.tgz"
  "version" "4.2.2"

"event-target-shim@^5.0.0":
  "integrity" "sha1-XU0+vflYPWOlMzzi3rdICrKwV4k="
  "resolved" "https://registry.npm.taobao.org/event-target-shim/download/event-target-shim-5.0.1.tgz"
  "version" "5.0.1"

"eventsource@^1.0.7":
  "integrity" "sha1-j7xyyT/NNAiAkLwKTmT0tc7m2NA="
  "resolved" "https://registry.npm.taobao.org/eventsource/download/eventsource-1.0.7.tgz?cache=0&sync_timestamp=1616041716084&other_urls=https%3A%2F%2Fregistry.npm.taobao.org%2Feventsource%2Fdownload%2Feventsource-1.0.7.tgz"
  "version" "1.0.7"
  dependencies:
    "original" "^1.0.0"

"fetch-cookie@^0.7.3":
  "integrity" "sha1-uNAj9CHdKy9KDsqc1zGKln7U7tg="
  "resolved" "https://registry.npm.taobao.org/fetch-cookie/download/fetch-cookie-0.7.3.tgz"
  "version" "0.7.3"
  dependencies:
    "es6-denodeify" "^0.1.1"
    "tough-cookie" "^2.3.3"

"node-fetch@^2.6.0":
  "integrity" "sha1-5jNFY4bUqlWGP2dqerDaqP3ssP0="
  "resolved" "https://registry.npm.taobao.org/node-fetch/download/node-fetch-2.6.0.tgz"
  "version" "2.6.0"

"original@^1.0.0":
  "integrity" "sha1-5EKmHP/hxf0gpl8yYcJmY7MD8l8="
  "resolved" "https://registry.npm.taobao.org/original/download/original-1.0.2.tgz"
  "version" "1.0.2"
  dependencies:
    "url-parse" "^1.4.3"

"psl@^1.1.28":
  "integrity" "sha1-kyb4vPsBOtzABf3/BWrM4CDlHCQ="
  "resolved" "https://registry.npm.taobao.org/psl/download/psl-1.8.0.tgz"
  "version" "1.8.0"

"punycode@^2.1.1":
  "integrity" "sha1-tYsBCsQMIsVldhbI0sLALHv0eew="
  "resolved" "https://registry.nlark.com/punycode/download/punycode-2.1.1.tgz"
  "version" "2.1.1"

"querystringify@^2.1.1":
  "integrity" "sha1-M0WUG0FTy50ILY7uTNogFqmu9/Y="
  "resolved" "https://registry.nlark.com/querystringify/download/querystringify-2.2.0.tgz"
  "version" "2.2.0"

"requires-port@^1.0.0":
  "integrity" "sha1-kl0mAdOaxIXgkc8NpcbmlNw9yv8="
  "resolved" "https://registry.npm.taobao.org/requires-port/download/requires-port-1.0.0.tgz"
  "version" "1.0.0"

"tough-cookie@^2.3.3":
  "integrity" "sha1-zZ+yoKodWhK0c72fuW+j3P9lreI="
  "resolved" "https://registry.npm.taobao.org/tough-cookie/download/tough-cookie-2.5.0.tgz"
  "version" "2.5.0"
  dependencies:
    "psl" "^1.1.28"
    "punycode" "^2.1.1"

"url-parse@^1.4.3":
  "integrity" "sha1-1fqYkK+KXh8nSiyYN2UQ9kJfbjs="
  "resolved" "https://registry.nlark.com/url-parse/download/url-parse-1.5.1.tgz"
  "version" "1.5.1"
  dependencies:
    "querystringify" "^2.1.1"
    "requires-port" "^1.0.0"

"ws@^6.0.0":
  "integrity" "sha1-6qSUre0ArEKJ1FW6yNhMfGUc7zU="
  "resolved" "https://registry.nlark.com/ws/download/ws-6.0.0.tgz"
  "version" "6.0.0"
  dependencies:
    "async-limiter" "~1.0.0"
